
Microsoft Visual Studio Solution File, Format Version 12.00
# Visual Studio Version 17
VisualStudioVersion = 17.6.33712.159
MinimumVisualStudioVersion = 10.0.40219.1
Project("{FAE04EC0-301F-11D3-BF4B-00C04F79EFBC}") = "user-permissions", "user-permissions\user-permissions.csproj", "{095B8795-C741-4E45-B25B-A3D97BC33D47}"
EndProject
Global
	GlobalSection(SolutionConfigurationPlatforms) = preSolution
		Debug|Any CPU = Debug|Any CPU
		Release|Any CPU = Release|Any CPU
	EndGlobalSection
	GlobalSection(ProjectConfigurationPlatforms) = postSolution
		{095B8795-C741-4E45-B25B-A3D97BC33D47}.Debug|Any CPU.ActiveCfg = Debug|Any CPU
		{095B8795-C741-4E45-B25B-A3D97BC33D47}.Debug|Any CPU.Build.0 = Debug|Any CPU
		{095B8795-C741-4E45-B25B-A3D97BC33D47}.Release|Any CPU.ActiveCfg = Release|Any CPU
		{095B8795-C741-4E45-B25B-A3D97BC33D47}.Release|Any CPU.Build.0 = Release|Any CPU
	EndGlobalSection
	GlobalSection(SolutionProperties) = preSolution
		HideSolutionNode = FALSE
	EndGlobalSection
	GlobalSection(ExtensibilityGlobals) = postSolution
		SolutionGuid = {57F954F7-461A-4041-8B2F-83F5A3B3C66E}
	EndGlobalSection
EndGlobal
